
Microsoft Visual Studio Solution File, Format Version 12.00
# Visual Studio Version 17
VisualStudioVersion = 17.10.35027.167
MinimumVisualStudioVersion = 10.0.40219.1
Project("{FAE04EC0-301F-11D3-BF4B-00C04F79EFBC}") = "Examen02", "Examen02.csproj", "{9DFDC3AF-7E3F-4F6D-9771-D627A9C3069A}"
EndProject
Global
	GlobalSection(SolutionConfigurationPlatforms) = preSolution
		Debug|Any CPU = Debug|Any CPU
		Release|Any CPU = Release|Any CPU
	EndGlobalSection
	GlobalSection(ProjectConfigurationPlatforms) = postSolution
		{9DFDC3AF-7E3F-4F6D-9771-D627A9C3069A}.Debug|Any CPU.ActiveCfg = Debug|Any CPU
		{9DFDC3AF-7E3F-4F6D-9771-D627A9C3069A}.Debug|Any CPU.Build.0 = Debug|Any CPU
		{9DFDC3AF-7E3F-4F6D-9771-D627A9C3069A}.Release|Any CPU.ActiveCfg = Release|Any CPU
		{9DFDC3AF-7E3F-4F6D-9771-D627A9C3069A}.Release|Any CPU.Build.0 = Release|Any CPU
	EndGlobalSection
	GlobalSection(SolutionProperties) = preSolution
		HideSolutionNode = FALSE
	EndGlobalSection
	GlobalSection(ExtensibilityGlobals) = postSolution
		SolutionGuid = {2FD89AB3-B926-436A-A75F-441FF1A5C690}
	EndGlobalSection
EndGlobal
